
Microsoft Visual Studio Solution File, Format Version 12.00
# Visual Studio Version 16
VisualStudioVersion = 25.0.1705.1
MinimumVisualStudioVersion = 10.0.40219.1
Project("{FAE04EC0-301F-11D3-BF4B-00C04F79EFBC}") = "PropertyApi", "PropertyApi\PropertyApi.csproj", "{7D2B4186-36C5-471E-A4C6-7DD1AA752939}"
EndProject
Global
	GlobalSection(SolutionConfigurationPlatforms) = preSolution
		Debug|Any CPU = Debug|Any CPU
		Release|Any CPU = Release|Any CPU
	EndGlobalSection
	GlobalSection(ProjectConfigurationPlatforms) = postSolution
		{7D2B4186-36C5-471E-A4C6-7DD1AA752939}.Debug|Any CPU.ActiveCfg = Debug|Any CPU
		{7D2B4186-36C5-471E-A4C6-7DD1AA752939}.Debug|Any CPU.Build.0 = Debug|Any CPU
		{7D2B4186-36C5-471E-A4C6-7DD1AA752939}.Release|Any CPU.ActiveCfg = Release|Any CPU
		{7D2B4186-36C5-471E-A4C6-7DD1AA752939}.Release|Any CPU.Build.0 = Release|Any CPU
	EndGlobalSection
	GlobalSection(SolutionProperties) = preSolution
		HideSolutionNode = FALSE
	EndGlobalSection
	GlobalSection(ExtensibilityGlobals) = postSolution
		SolutionGuid = {61D128B9-6E3B-4F78-93F8-41407976E684}
	EndGlobalSection
EndGlobal
